// !$*UTF8*$!
{
	archiveVersion = 1;
	classes = {
	};
	objectVersion = 50;
	objects = {

/* Begin PBXBuildFile section */
		357C2BF89E88A55B2C501046 /* Pods_ParseChatTests.framework in Frameworks */ = {isa = PBXBuildFile; fileRef = B8FF47B44D71DDA5DC3F6A0C /* Pods_ParseChatTests.framework */; };
		873497515A49C604D289FF89 /* Pods_ParseChat.framework in Frameworks */ = {isa = PBXBuildFile; fileRef = 2FE2A963120F3AF5F01F7DA5 /* Pods_ParseChat.framework */; };
		B32ED8AB2227426A00A7E1D5 /* AppDelegate.swift in Sources */ = {isa = PBXBuildFile; fileRef = B32ED8AA2227426A00A7E1D5 /* AppDelegate.swift */; };
		B32ED8B02227426A00A7E1D5 /* Main.storyboard in Resources */ = {isa = PBXBuildFile; fileRef = B32ED8AE2227426A00A7E1D5 /* Main.storyboard */; };
		B32ED8B22227426B00A7E1D5 /* Assets.xcassets in Resources */ = {isa = PBXBuildFile; fileRef = B32ED8B12227426B00A7E1D5 /* Assets.xcassets */; };
		B32ED8B52227426B00A7E1D5 /* LaunchScreen.storyboard in Resources */ = {isa = PBXBuildFile; fileRef = B32ED8B32227426B00A7E1D5 /* LaunchScreen.storyboard */; };
		B32ED8C02227426B00A7E1D5 /* ParseChatTests.swift in Sources */ = {isa = PBXBuildFile; fileRef = B32ED8BF2227426B00A7E1D5 /* ParseChatTests.swift */; };
		B32ED8CB2227426B00A7E1D5 /* ParseChatUITests.swift in Sources */ = {isa = PBXBuildFile; fileRef = B32ED8CA2227426B00A7E1D5 /* ParseChatUITests.swift */; };
		B32ED8D92227438200A7E1D5 /* LoginViewController.swift in Sources */ = {isa = PBXBuildFile; fileRef = B32ED8D82227438200A7E1D5 /* LoginViewController.swift */; };
		B32ED8DB222749C900A7E1D5 /* ChatViewController.swift in Sources */ = {isa = PBXBuildFile; fileRef = B32ED8DA222749C900A7E1D5 /* ChatViewController.swift */; };
		DD9522EC3373D5523D7BBD18 /* Pods_ParseChatUITests.framework in Frameworks */ = {isa = PBXBuildFile; fileRef = 28CDE4D56A7207778C41D272 /* Pods_ParseChatUITests.framework */; };
/* End PBXBuildFile section */

/* Begin PBXContainerItemProxy section */
		B32ED8BC2227426B00A7E1D5 /* PBXContainerItemProxy */ = {
			isa = PBXContainerItemProxy;
			containerPortal = B32ED89F2227426A00A7E1D5 /* Project object */;
			proxyType = 1;
			remoteGlobalIDString = B32ED8A62227426A00A7E1D5;
			remoteInfo = ParseChat;
		};
		B32ED8C72227426B00A7E1D5 /* PBXContainerItemProxy */ = {
			isa = PBXContainerItemProxy;
			containerPortal = B32ED89F2227426A00A7E1D5 /* Project object */;
			proxyType = 1;
			remoteGlobalIDString = B32ED8A62227426A00A7E1D5;
			remoteInfo = ParseChat;
		};
/* End PBXContainerItemProxy section */

/* Begin PBXFileReference section */
		28CDE4D56A7207778C41D272 /* Pods_ParseChatUITests.framework */ = {isa = PBXFileReference; explicitFileType = wrapper.framework; includeInIndex = 0; path = Pods_ParseChatUITests.framework; sourceTree = BUILT_PRODUCTS_DIR; };
		2FE2A963120F3AF5F01F7DA5 /* Pods_ParseChat.framework */ = {isa = PBXFileReference; explicitFileType = wrapper.framework; includeInIndex = 0; path = Pods_ParseChat.framework; sourceTree = BUILT_PRODUCTS_DIR; };
		3D0D0434713E4F0F657784D1 /* Pods-ParseChatUITests.release.xcconfig */ = {isa = PBXFileReference; includeInIndex = 1; lastKnownFileType = text.xcconfig; name = "Pods-ParseChatUITests.release.xcconfig"; path = "Pods/Target Support Files/Pods-ParseChatUITests/Pods-ParseChatUITests.release.xcconfig"; sourceTree = "<group>"; };
		4ACE8A7A5F9C58FE08AB60F6 /* Pods-ParseChatTests.debug.xcconfig */ = {isa = PBXFileReference; includeInIndex = 1; lastKnownFileType = text.xcconfig; name = "Pods-ParseChatTests.debug.xcconfig"; path = "Pods/Target Support Files/Pods-ParseChatTests/Pods-ParseChatTests.debug.xcconfig"; sourceTree = "<group>"; };
		9300247AD00D8BDC98751E50 /* Pods-ParseChatUITests.debug.xcconfig */ = {isa = PBXFileReference; includeInIndex = 1; lastKnownFileType = text.xcconfig; name = "Pods-ParseChatUITests.debug.xcconfig"; path = "Pods/Target Support Files/Pods-ParseChatUITests/Pods-ParseChatUITests.debug.xcconfig"; sourceTree = "<group>"; };
		9B40782975E00019A11F58BB /* Pods-ParseChat.release.xcconfig */ = {isa = PBXFileReference; includeInIndex = 1; lastKnownFileType = text.xcconfig; name = "Pods-ParseChat.release.xcconfig"; path = "Pods/Target Support Files/Pods-ParseChat/Pods-ParseChat.release.xcconfig"; sourceTree = "<group>"; };
		B32ED8A72227426A00A7E1D5 /* ParseChat.app */ = {isa = PBXFileReference; explicitFileType = wrapper.application; includeInIndex = 0; path = ParseChat.app; sourceTree = BUILT_PRODUCTS_DIR; };
		B32ED8AA2227426A00A7E1D5 /* AppDelegate.swift */ = {isa = PBXFileReference; lastKnownFileType = sourcecode.swift; path = AppDelegate.swift; sourceTree = "<group>"; };
		B32ED8AF2227426A00A7E1D5 /* Base */ = {isa = PBXFileReference; lastKnownFileType = file.storyboard; name = Base; path = Base.lproj/Main.storyboard; sourceTree = "<group>"; };
		B32ED8B12227426B00A7E1D5 /* Assets.xcassets */ = {isa = PBXFileReference; lastKnownFileType = folder.assetcatalog; path = Assets.xcassets; sourceTree = "<group>"; };
		B32ED8B42227426B00A7E1D5 /* Base */ = {isa = PBXFileReference; lastKnownFileType = file.storyboard; name = Base; path = Base.lproj/LaunchScreen.storyboard; sourceTree = "<group>"; };
		B32ED8B62227426B00A7E1D5 /* Info.plist */ = {isa = PBXFileReference; lastKnownFileType = text.plist.xml; path = Info.plist; sourceTree = "<group>"; };
		B32ED8BB2227426B00A7E1D5 /* ParseChatTests.xctest */ = {isa = PBXFileReference; explicitFileType = wrapper.cfbundle; includeInIndex = 0; path = ParseChatTests.xctest; sourceTree = BUILT_PRODUCTS_DIR; };
		B32ED8BF2227426B00A7E1D5 /* ParseChatTests.swift */ = {isa = PBXFileReference; lastKnownFileType = sourcecode.swift; path = ParseChatTests.swift; sourceTree = "<group>"; };
		B32ED8C12227426B00A7E1D5 /* Info.plist */ = {isa = PBXFileReference; lastKnownFileType = text.plist.xml; path = Info.plist; sourceTree = "<group>"; };
		B32ED8C62227426B00A7E1D5 /* ParseChatUITests.xctest */ = {isa = PBXFileReference; explicitFileType = wrapper.cfbundle; includeInIndex = 0; path = ParseChatUITests.xctest; sourceTree = BUILT_PRODUCTS_DIR; };
		B32ED8CA2227426B00A7E1D5 /* ParseChatUITests.swift */ = {isa = PBXFileReference; lastKnownFileType = sourcecode.swift; path = ParseChatUITests.swift; sourceTree = "<group>"; };
		B32ED8CC2227426B00A7E1D5 /* Info.plist */ = {isa = PBXFileReference; lastKnownFileType = text.plist.xml; path = Info.plist; sourceTree = "<group>"; };
		B32ED8D82227438200A7E1D5 /* LoginViewController.swift */ = {isa = PBXFileReference; lastKnownFileType = sourcecode.swift; path = LoginViewController.swift; sourceTree = "<group>"; };
		B32ED8DA222749C900A7E1D5 /* ChatViewController.swift */ = {isa = PBXFileReference; lastKnownFileType = sourcecode.swift; path = ChatViewController.swift; sourceTree = "<group>"; };
		B8FF47B44D71DDA5DC3F6A0C /* Pods_ParseChatTests.framework */ = {isa = PBXFileReference; explicitFileType = wrapper.framework; includeInIndex = 0; path = Pods_ParseChatTests.framework; sourceTree = BUILT_PRODUCTS_DIR; };
		BB6B7DF782F8A3B4150ED89F /* Pods-ParseChat.debug.xcconfig */ = {isa = PBXFileReference; includeInIndex = 1; lastKnownFileType = text.xcconfig; name = "Pods-ParseChat.debug.xcconfig"; path = "Pods/Target Support Files/Pods-ParseChat/Pods-ParseChat.debug.xcconfig"; sourceTree = "<group>"; };
		D12307E84F29F11AC62B1CD7 /* Pods-ParseChatTests.release.xcconfig */ = {isa = PBXFileReference; includeInIndex = 1; lastKnownFileType = text.xcconfig; name = "Pods-ParseChatTests.release.xcconfig"; path = "Pods/Target Support Files/Pods-ParseChatTests/Pods-ParseChatTests.release.xcconfig"; sourceTree = "<group>"; };
/* End PBXFileReference section */

/* Begin PBXFrameworksBuildPhase section */
		B32ED8A42227426A00A7E1D5 /* Frameworks */ = {
			isa = PBXFrameworksBuildPhase;
			buildActionMask = 2147483647;
			files = (
				873497515A49C604D289FF89 /* Pods_ParseChat.framework in Frameworks */,
			);
			runOnlyForDeploymentPostprocessing = 0;
		};
		B32ED8B82227426B00A7E1D5 /* Frameworks */ = {
			isa = PBXFrameworksBuildPhase;
			buildActionMask = 2147483647;
			files = (
				357C2BF89E88A55B2C501046 /* Pods_ParseChatTests.framework in Frameworks */,
			);
			runOnlyForDeploymentPostprocessing = 0;
		};
		B32ED8C32227426B00A7E1D5 /* Frameworks */ = {
			isa = PBXFrameworksBuildPhase;
			buildActionMask = 2147483647;
			files = (
				DD9522EC3373D5523D7BBD18 /* Pods_ParseChatUITests.framework in Frameworks */,
			);
			runOnlyForDeploymentPostprocessing = 0;
		};
/* End PBXFrameworksBuildPhase section */

/* Begin PBXGroup section */
		29DCE45E1126F1E9A6E96B7D /* Pods */ = {
			isa = PBXGroup;
			children = (
				BB6B7DF782F8A3B4150ED89F /* Pods-ParseChat.debug.xcconfig */,
				9B40782975E00019A11F58BB /* Pods-ParseChat.release.xcconfig */,
				4ACE8A7A5F9C58FE08AB60F6 /* Pods-ParseChatTests.debug.xcconfig */,
				D12307E84F29F11AC62B1CD7 /* Pods-ParseChatTests.release.xcconfig */,
				9300247AD00D8BDC98751E50 /* Pods-ParseChatUITests.debug.xcconfig */,
				3D0D0434713E4F0F657784D1 /* Pods-ParseChatUITests.release.xcconfig */,
			);
			name = Pods;
			sourceTree = "<group>";
		};
		A87EEBC90873F64EED448872 /* Frameworks */ = {
			isa = PBXGroup;
			children = (
				2FE2A963120F3AF5F01F7DA5 /* Pods_ParseChat.framework */,
				B8FF47B44D71DDA5DC3F6A0C /* Pods_ParseChatTests.framework */,
				28CDE4D56A7207778C41D272 /* Pods_ParseChatUITests.framework */,
			);
			name = Frameworks;
			sourceTree = "<group>";
		};
		B32ED89E2227426A00A7E1D5 = {
			isa = PBXGroup;
			children = (
				B32ED8A92227426A00A7E1D5 /* ParseChat */,
				B32ED8BE2227426B00A7E1D5 /* ParseChatTests */,
				B32ED8C92227426B00A7E1D5 /* ParseChatUITests */,
				B32ED8A82227426A00A7E1D5 /* Products */,
				29DCE45E1126F1E9A6E96B7D /* Pods */,
				A87EEBC90873F64EED448872 /* Frameworks */,
			);
			sourceTree = "<group>";
		};
		B32ED8A82227426A00A7E1D5 /* Products */ = {
			isa = PBXGroup;
			children = (
				B32ED8A72227426A00A7E1D5 /* ParseChat.app */,
				B32ED8BB2227426B00A7E1D5 /* ParseChatTests.xctest */,
				B32ED8C62227426B00A7E1D5 /* ParseChatUITests.xctest */,
			);
			name = Products;
			sourceTree = "<group>";
		};
		B32ED8A92227426A00A7E1D5 /* ParseChat */ = {
			isa = PBXGroup;
			children = (
				B32ED8AA2227426A00A7E1D5 /* AppDelegate.swift */,
				B32ED8AE2227426A00A7E1D5 /* Main.storyboard */,
				B32ED8DA222749C900A7E1D5 /* ChatViewController.swift */,
				B32ED8B12227426B00A7E1D5 /* Assets.xcassets */,
				B32ED8B32227426B00A7E1D5 /* LaunchScreen.storyboard */,
				B32ED8B62227426B00A7E1D5 /* Info.plist */,
				B32ED8D82227438200A7E1D5 /* LoginViewController.swift */,
			);
			path = ParseChat;
			sourceTree = "<group>";
		};
		B32ED8BE2227426B00A7E1D5 /* ParseChatTests */ = {
			isa = PBXGroup;
			children = (
				B32ED8BF2227426B00A7E1D5 /* ParseChatTests.swift */,
				B32ED8C12227426B00A7E1D5 /* Info.plist */,
			);
			path = ParseChatTests;
			sourceTree = "<group>";
		};
		B32ED8C92227426B00A7E1D5 /* ParseChatUITests */ = {
			isa = PBXGroup;
			children = (
				B32ED8CA2227426B00A7E1D5 /* ParseChatUITests.swift */,
				B32ED8CC2227426B00A7E1D5 /* Info.plist */,
			);
			path = ParseChatUITests;
			sourceTree = "<group>";
		};
/* End PBXGroup section */

/* Begin PBXNativeTarget section */
		B32ED8A62227426A00A7E1D5 /* ParseChat */ = {
			isa = PBXNativeTarget;
			buildConfigurationList = B32ED8CF2227426B00A7E1D5 /* Build configuration list for PBXNativeTarget "ParseChat" */;
			buildPhases = (
				BF7D44FC26EA030BCC80ED67 /* [CP] Check Pods Manifest.lock */,
				B32ED8A32227426A00A7E1D5 /* Sources */,
				B32ED8A42227426A00A7E1D5 /* Frameworks */,
				B32ED8A52227426A00A7E1D5 /* Resources */,
				BCCDFD56955F04442BC28160 /* [CP] Embed Pods Frameworks */,
			);
			buildRules = (
			);
			dependencies = (
			);
			name = ParseChat;
			productName = ParseChat;
			productReference = B32ED8A72227426A00A7E1D5 /* ParseChat.app */;
			productType = "com.apple.product-type.application";
		};
		B32ED8BA2227426B00A7E1D5 /* ParseChatTests */ = {
			isa = PBXNativeTarget;
			buildConfigurationList = B32ED8D22227426B00A7E1D5 /* Build configuration list for PBXNativeTarget "ParseChatTests" */;
			buildPhases = (
				B846B07A8EF30EF20E5B8860 /* [CP] Check Pods Manifest.lock */,
				B32ED8B72227426B00A7E1D5 /* Sources */,
				B32ED8B82227426B00A7E1D5 /* Frameworks */,
				B32ED8B92227426B00A7E1D5 /* Resources */,
			);
			buildRules = (
			);
			dependencies = (
				B32ED8BD2227426B00A7E1D5 /* PBXTargetDependency */,
			);
			name = ParseChatTests;
			productName = ParseChatTests;
			productReference = B32ED8BB2227426B00A7E1D5 /* ParseChatTests.xctest */;
			productType = "com.apple.product-type.bundle.unit-test";
		};
		B32ED8C52227426B00A7E1D5 /* ParseChatUITests */ = {
			isa = PBXNativeTarget;
			buildConfigurationList = B32ED8D52227426B00A7E1D5 /* Build configuration list for PBXNativeTarget "ParseChatUITests" */;
			buildPhases = (
				68FC31E0B105B5FB9B6B9396 /* [CP] Check Pods Manifest.lock */,
				B32ED8C22227426B00A7E1D5 /* Sources */,
				B32ED8C32227426B00A7E1D5 /* Frameworks */,
				B32ED8C42227426B00A7E1D5 /* Resources */,
			);
			buildRules = (
			);
			dependencies = (
				B32ED8C82227426B00A7E1D5 /* PBXTargetDependency */,
			);
			name = ParseChatUITests;
			productName = ParseChatUITests;
			productReference = B32ED8C62227426B00A7E1D5 /* ParseChatUITests.xctest */;
			productType = "com.apple.product-type.bundle.ui-testing";
		};
/* End PBXNativeTarget section */

/* Begin PBXProject section */
		B32ED89F2227426A00A7E1D5 /* Project object */ = {
			isa = PBXProject;
			attributes = {
				LastSwiftUpdateCheck = 1010;
				LastUpgradeCheck = 1010;
				ORGANIZATIONNAME = sliao;
				TargetAttributes = {
					B32ED8A62227426A00A7E1D5 = {
						CreatedOnToolsVersion = 10.1;
					};
					B32ED8BA2227426B00A7E1D5 = {
						CreatedOnToolsVersion = 10.1;
						TestTargetID = B32ED8A62227426A00A7E1D5;
					};
					B32ED8C52227426B00A7E1D5 = {
						CreatedOnToolsVersion = 10.1;
						TestTargetID = B32ED8A62227426A00A7E1D5;
					};
				};
			};
			buildConfigurationList = B32ED8A22227426A00A7E1D5 /* Build configuration list for PBXProject "ParseChat" */;
			compatibilityVersion = "Xcode 9.3";
			developmentRegion = en;
			hasScannedForEncodings = 0;
			knownRegions = (
				en,
				Base,
			);
			mainGroup = B32ED89E2227426A00A7E1D5;
			productRefGroup = B32ED8A82227426A00A7E1D5 /* Products */;
			projectDirPath = "";
			projectRoot = "";
			targets = (
				B32ED8A62227426A00A7E1D5 /* ParseChat */,
				B32ED8BA2227426B00A7E1D5 /* ParseChatTests */,
				B32ED8C52227426B00A7E1D5 /* ParseChatUITests */,
			);
		};
/* End PBXProject section */

/* Begin PBXResourcesBuildPhase section */
		B32ED8A52227426A00A7E1D5 /* Resources */ = {
			isa = PBXResourcesBuildPhase;
			buildActionMask = 2147483647;
			files = (
				B32ED8B52227426B00A7E1D5 /* LaunchScreen.storyboard in Resources */,
				B32ED8B22227426B00A7E1D5 /* Assets.xcassets in Resources */,
				B32ED8B02227426A00A7E1D5 /* Main.storyboard in Resources */,
			);
			runOnlyForDeploymentPostprocessing = 0;
		};
		B32ED8B92227426B00A7E1D5 /* Resources */ = {
			isa = PBXResourcesBuildPhase;
			buildActionMask = 2147483647;
			files = (
			);
			runOnlyForDeploymentPostprocessing = 0;
		};
		B32ED8C42227426B00A7E1D5 /* Resources */ = {
			isa = PBXResourcesBuildPhase;
			buildActionMask = 2147483647;
			files = (
			);
			runOnlyForDeploymentPostprocessing = 0;
		};
/* End PBXResourcesBuildPhase section */

/* Begin PBXShellScriptBuildPhase section */
		68FC31E0B105B5FB9B6B9396 /* [CP] Check Pods Manifest.lock */ = {
			isa = PBXShellScriptBuildPhase;
			buildActionMask = 2147483647;
			files = (
			);
			inputFileListPaths = (
			);
			inputPaths = (
				"${PODS_PODFILE_DIR_PATH}/Podfile.lock",
				"${PODS_ROOT}/Manifest.lock",
			);
			name = "[CP] Check Pods Manifest.lock";
			outputFileListPaths = (
			);
			outputPaths = (
				"$(DERIVED_FILE_DIR)/Pods-ParseChatUITests-checkManifestLockResult.txt",
			);
			runOnlyForDeploymentPostprocessing = 0;
			shellPath = /bin/sh;
			shellScript = "diff \"${PODS_PODFILE_DIR_PATH}/Podfile.lock\" \"${PODS_ROOT}/Manifest.lock\" > /dev/null\nif [ $? != 0 ] ; then\n    # print error to STDERR\n    echo \"error: The sandbox is not in sync with the Podfile.lock. Run 'pod install' or update your CocoaPods installation.\" >&2\n    exit 1\nfi\n# This output is used by Xcode 'outputs' to avoid re-running this script phase.\necho \"SUCCESS\" > \"${SCRIPT_OUTPUT_FILE_0}\"\n";
			showEnvVarsInLog = 0;
		};
		B846B07A8EF30EF20E5B8860 /* [CP] Check Pods Manifest.lock */ = {
			isa = PBXShellScriptBuildPhase;
			buildActionMask = 2147483647;
			files = (
			);
			inputFileListPaths = (
			);
			inputPaths = (
				"${PODS_PODFILE_DIR_PATH}/Podfile.lock",
				"${PODS_ROOT}/Manifest.lock",
			);
			name = "[CP] Check Pods Manifest.lock";
			outputFileListPaths = (
			);
			outputPaths = (
				"$(DERIVED_FILE_DIR)/Pods-ParseChatTests-checkManifestLockResult.txt",
			);
			runOnlyForDeploymentPostprocessing = 0;
			shellPath = /bin/sh;
			shellScript = "diff \"${PODS_PODFILE_DIR_PATH}/Podfile.lock\" \"${PODS_ROOT}/Manifest.lock\" > /dev/null\nif [ $? != 0 ] ; then\n    # print error to STDERR\n    echo \"error: The sandbox is not in sync with the Podfile.lock. Run 'pod install' or update your CocoaPods installation.\" >&2\n    exit 1\nfi\n# This output is used by Xcode 'outputs' to avoid re-running this script phase.\necho \"SUCCESS\" > \"${SCRIPT_OUTPUT_FILE_0}\"\n";
			showEnvVarsInLog = 0;
		};
		BCCDFD56955F04442BC28160 /* [CP] Embed Pods Frameworks */ = {
			isa = PBXShellScriptBuildPhase;
			buildActionMask = 2147483647;
			files = (
			);
			inputFileListPaths = (
			);
			inputPaths = (
				"${SRCROOT}/Pods/Target Support Files/Pods-ParseChat/Pods-ParseChat-frameworks.sh",
				"${BUILT_PRODUCTS_DIR}/Bolts/Bolts.framework",
				"${BUILT_PRODUCTS_DIR}/Parse/Parse.framework",
			);
			name = "[CP] Embed Pods Frameworks";
			outputFileListPaths = (
			);
			outputPaths = (
				"${TARGET_BUILD_DIR}/${FRAMEWORKS_FOLDER_PATH}/Bolts.framework",
				"${TARGET_BUILD_DIR}/${FRAMEWORKS_FOLDER_PATH}/Parse.framework",
			);
			runOnlyForDeploymentPostprocessing = 0;
			shellPath = /bin/sh;
			shellScript = "\"${SRCROOT}/Pods/Target Support Files/Pods-ParseChat/Pods-ParseChat-frameworks.sh\"\n";
			showEnvVarsInLog = 0;
		};
		BF7D44FC26EA030BCC80ED67 /* [CP] Check Pods Manifest.lock */ = {
			isa = PBXShellScriptBuildPhase;
			buildActionMask = 2147483647;
			files = (
			);
			inputFileListPaths = (
			);
			inputPaths = (
				"${PODS_PODFILE_DIR_PATH}/Podfile.lock",
				"${PODS_ROOT}/Manifest.lock",
			);
			name = "[CP] Check Pods Manifest.lock";
			outputFileListPaths = (
			);
			outputPaths = (
				"$(DERIVED_FILE_DIR)/Pods-ParseChat-checkManifestLockResult.txt",
			);
			runOnlyForDeploymentPostprocessing = 0;
			shellPath = /bin/sh;
			shellScript = "diff \"${PODS_PODFILE_DIR_PATH}/Podfile.lock\" \"${PODS_ROOT}/Manifest.lock\" > /dev/null\nif [ $? != 0 ] ; then\n    # print error to STDERR\n    echo \"error: The sandbox is not in sync with the Podfile.lock. Run 'pod install' or update your CocoaPods installation.\" >&2\n    exit 1\nfi\n# This output is used by Xcode 'outputs' to avoid re-running this script phase.\necho \"SUCCESS\" > \"${SCRIPT_OUTPUT_FILE_0}\"\n";
			showEnvVarsInLog = 0;
		};
/* End PBXShellScriptBuildPhase section */

/* Begin PBXSourcesBuildPhase section */
		B32ED8A32227426A00A7E1D5 /* Sources */ = {
			isa = PBXSourcesBuildPhase;
			buildActionMask = 2147483647;
			files = (
				B32ED8D92227438200A7E1D5 /* LoginViewController.swift in Sources */,
				B32ED8DB222749C900A7E1D5 /* ChatViewController.swift in Sources */,
				B32ED8AB2227426A00A7E1D5 /* AppDelegate.swift in Sources */,
			);
			runOnlyForDeploymentPostprocessing = 0;
		};
		B32ED8B72227426B00A7E1D5 /* Sources */ = {
			isa = PBXSourcesBuildPhase;
			buildActionMask = 2147483647;
			files = (
				B32ED8C02227426B00A7E1D5 /* ParseChatTests.swift in Sources */,
			);
			runOnlyForDeploymentPostprocessing = 0;
		};
		B32ED8C22227426B00A7E1D5 /* Sources */ = {
			isa = PBXSourcesBuildPhase;
			buildActionMask = 2147483647;
			files = (
				B32ED8CB2227426B00A7E1D5 /* ParseChatUITests.swift in Sources */,
			);
			runOnlyForDeploymentPostprocessing = 0;
		};
/* End PBXSourcesBuildPhase section */

/* Begin PBXTargetDependency section */
		B32ED8BD2227426B00A7E1D5 /* PBXTargetDependency */ = {
			isa = PBXTargetDependency;
			target = B32ED8A62227426A00A7E1D5 /* ParseChat */;
			targetProxy = B32ED8BC2227426B00A7E1D5 /* PBXContainerItemProxy */;
		};
		B32ED8C82227426B00A7E1D5 /* PBXTargetDependency */ = {
			isa = PBXTargetDependency;
			target = B32ED8A62227426A00A7E1D5 /* ParseChat */;
			targetProxy = B32ED8C72227426B00A7E1D5 /* PBXContainerItemProxy */;
		};
/* End PBXTargetDependency section */

/* Begin PBXVariantGroup section */
		B32ED8AE2227426A00A7E1D5 /* Main.storyboard */ = {
			isa = PBXVariantGroup;
			children = (
				B32ED8AF2227426A00A7E1D5 /* Base */,
			);
			name = Main.storyboard;
			sourceTree = "<group>";
		};
		B32ED8B32227426B00A7E1D5 /* LaunchScreen.storyboard */ = {
			isa = PBXVariantGroup;
			children = (
				B32ED8B42227426B00A7E1D5 /* Base */,
			);
			name = LaunchScreen.storyboard;
			sourceTree = "<group>";
		};
/* End PBXVariantGroup section */

/* Begin XCBuildConfiguration section */
		B32ED8CD2227426B00A7E1D5 /* Debug */ = {
			isa = XCBuildConfiguration;
			buildSettings = {
				ALWAYS_SEARCH_USER_PATHS = NO;
				CLANG_ANALYZER_NONNULL = YES;
				CLANG_ANALYZER_NUMBER_OBJECT_CONVERSION = YES_AGGRESSIVE;
				CLANG_CXX_LANGUAGE_STANDARD = "gnu++14";
				CLANG_CXX_LIBRARY = "libc++";
				CLANG_ENABLE_MODULES = YES;
				CLANG_ENABLE_OBJC_ARC = YES;
				CLANG_ENABLE_OBJC_WEAK = YES;
				CLANG_WARN_BLOCK_CAPTURE_AUTORELEASING = YES;
				CLANG_WARN_BOOL_CONVERSION = YES;
				CLANG_WARN_COMMA = YES;
				CLANG_WARN_CONSTANT_CONVERSION = YES;
				CLANG_WARN_DEPRECATED_OBJC_IMPLEMENTATIONS = YES;
				CLANG_WARN_DIRECT_OBJC_ISA_USAGE = YES_ERROR;
				CLANG_WARN_DOCUMENTATION_COMMENTS = YES;
				CLANG_WARN_EMPTY_BODY = YES;
				CLANG_WARN_ENUM_CONVERSION = YES;
				CLANG_WARN_INFINITE_RECURSION = YES;
				CLANG_WARN_INT_CONVERSION = YES;
				CLANG_WARN_NON_LITERAL_NULL_CONVERSION = YES;
				CLANG_WARN_OBJC_IMPLICIT_RETAIN_SELF = YES;
				CLANG_WARN_OBJC_LITERAL_CONVERSION = YES;
				CLANG_WARN_OBJC_ROOT_CLASS = YES_ERROR;
				CLANG_WARN_RANGE_LOOP_ANALYSIS = YES;
				CLANG_WARN_STRICT_PROTOTYPES = YES;
				CLANG_WARN_SUSPICIOUS_MOVE = YES;
				CLANG_WARN_UNGUARDED_AVAILABILITY = YES_AGGRESSIVE;
				CLANG_WARN_UNREACHABLE_CODE = YES;
				CLANG_WARN__DUPLICATE_METHOD_MATCH = YES;
				CODE_SIGN_IDENTITY = "iPhone Developer";
				COPY_PHASE_STRIP = NO;
				DEBUG_INFORMATION_FORMAT = dwarf;
				ENABLE_STRICT_OBJC_MSGSEND = YES;
				ENABLE_TESTABILITY = YES;
				GCC_C_LANGUAGE_STANDARD = gnu11;
				GCC_DYNAMIC_NO_PIC = NO;
				GCC_NO_COMMON_BLOCKS = YES;
				GCC_OPTIMIZATION_LEVEL = 0;
				GCC_PREPROCESSOR_DEFINITIONS = (
					"DEBUG=1",
					"$(inherited)",
				);
				GCC_WARN_64_TO_32_BIT_CONVERSION = YES;
				GCC_WARN_ABOUT_RETURN_TYPE = YES_ERROR;
				GCC_WARN_UNDECLARED_SELECTOR = YES;
				GCC_WARN_UNINITIALIZED_AUTOS = YES_AGGRESSIVE;
				GCC_WARN_UNUSED_FUNCTION = YES;
				GCC_WARN_UNUSED_VARIABLE = YES;
				IPHONEOS_DEPLOYMENT_TARGET = 12.1;
				MTL_ENABLE_DEBUG_INFO = INCLUDE_SOURCE;
				MTL_FAST_MATH = YES;
				ONLY_ACTIVE_ARCH = YES;
				SDKROOT = iphoneos;
				SWIFT_ACTIVE_COMPILATION_CONDITIONS = DEBUG;
				SWIFT_OPTIMIZATION_LEVEL = "-Onone";
			};
			name = Debug;
		};
		B32ED8CE2227426B00A7E1D5 /* Release */ = {
			isa = XCBuildConfiguration;
			buildSettings = {
				ALWAYS_SEARCH_USER_PATHS = NO;
				CLANG_ANALYZER_NONNULL = YES;
				CLANG_ANALYZER_NUMBER_OBJECT_CONVERSION = YES_AGGRESSIVE;
				CLANG_CXX_LANGUAGE_STANDARD = "gnu++14";
				CLANG_CXX_LIBRARY = "libc++";
				CLANG_ENABLE_MODULES = YES;
				CLANG_ENABLE_OBJC_ARC = YES;
				CLANG_ENABLE_OBJC_WEAK = YES;
				CLANG_WARN_BLOCK_CAPTURE_AUTORELEASING = YES;
				CLANG_WARN_BOOL_CONVERSION = YES;
				CLANG_WARN_COMMA = YES;
				CLANG_WARN_CONSTANT_CONVERSION = YES;
				CLANG_WARN_DEPRECATED_OBJC_IMPLEMENTATIONS = YES;
				CLANG_WARN_DIRECT_OBJC_ISA_USAGE = YES_ERROR;
				CLANG_WARN_DOCUMENTATION_COMMENTS = YES;
				CLANG_WARN_EMPTY_BODY = YES;
				CLANG_WARN_ENUM_CONVERSION = YES;
				CLANG_WARN_INFINITE_RECURSION = YES;
				CLANG_WARN_INT_CONVERSION = YES;
				CLANG_WARN_NON_LITERAL_NULL_CONVERSION = YES;
				CLANG_WARN_OBJC_IMPLICIT_RETAIN_SELF = YES;
				CLANG_WARN_OBJC_LITERAL_CONVERSION = YES;
				CLANG_WARN_OBJC_ROOT_CLASS = YES_ERROR;
				CLANG_WARN_RANGE_LOOP_ANALYSIS = YES;
				CLANG_WARN_STRICT_PROTOTYPES = YES;
				CLANG_WARN_SUSPICIOUS_MOVE = YES;
				CLANG_WARN_UNGUARDED_AVAILABILITY = YES_AGGRESSIVE;
				CLANG_WARN_UNREACHABLE_CODE = YES;
				CLANG_WARN__DUPLICATE_METHOD_MATCH = YES;
				CODE_SIGN_IDENTITY = "iPhone Developer";
				COPY_PHASE_STRIP = NO;
				DEBUG_INFORMATION_FORMAT = "dwarf-with-dsym";
				ENABLE_NS_ASSERTIONS = NO;
				ENABLE_STRICT_OBJC_MSGSEND = YES;
				GCC_C_LANGUAGE_STANDARD = gnu11;
				GCC_NO_COMMON_BLOCKS = YES;
				GCC_WARN_64_TO_32_BIT_CONVERSION = YES;
				GCC_WARN_ABOUT_RETURN_TYPE = YES_ERROR;
				GCC_WARN_UNDECLARED_SELECTOR = YES;
				GCC_WARN_UNINITIALIZED_AUTOS = YES_AGGRESSIVE;
				GCC_WARN_UNUSED_FUNCTION = YES;
				GCC_WARN_UNUSED_VARIABLE = YES;
				IPHONEOS_DEPLOYMENT_TARGET = 12.1;
				MTL_ENABLE_DEBUG_INFO = NO;
				MTL_FAST_MATH = YES;
				SDKROOT = iphoneos;
				SWIFT_COMPILATION_MODE = wholemodule;
				SWIFT_OPTIMIZATION_LEVEL = "-O";
				VALIDATE_PRODUCT = YES;
			};
			name = Release;
		};
		B32ED8D02227426B00A7E1D5 /* Debug */ = {
			isa = XCBuildConfiguration;
			baseConfigurationReference = BB6B7DF782F8A3B4150ED89F /* Pods-ParseChat.debug.xcconfig */;
			buildSettings = {
				ASSETCATALOG_COMPILER_APPICON_NAME = AppIcon;
				CODE_SIGN_STYLE = Automatic;
				DEVELOPMENT_TEAM = JHFD68N6DC;
				INFOPLIST_FILE = ParseChat/Info.plist;
				LD_RUNPATH_SEARCH_PATHS = (
					"$(inherited)",
					"@executable_path/Frameworks",
				);
				PRODUCT_BUNDLE_IDENTIFIER = com.sliao.ParseChat;
				PRODUCT_NAME = "$(TARGET_NAME)";
				SWIFT_VERSION = 4.2;
				TARGETED_DEVICE_FAMILY = "1,2";
			};
			name = Debug;
		};
		B32ED8D12227426B00A7E1D5 /* Release */ = {
			isa = XCBuildConfiguration;
			baseConfigurationReference = 9B40782975E00019A11F58BB /* Pods-ParseChat.release.xcconfig */;
			buildSettings = {
				ASSETCATALOG_COMPILER_APPICON_NAME = AppIcon;
				CODE_SIGN_STYLE = Automatic;
				DEVELOPMENT_TEAM = JHFD68N6DC;
				INFOPLIST_FILE = ParseChat/Info.plist;
				LD_RUNPATH_SEARCH_PATHS = (
					"$(inherited)",
					"@executable_path/Frameworks",
				);
				PRODUCT_BUNDLE_IDENTIFIER = com.sliao.ParseChat;
				PRODUCT_NAME = "$(TARGET_NAME)";
				SWIFT_VERSION = 4.2;
				TARGETED_DEVICE_FAMILY = "1,2";
			};
			name = Release;
		};
		B32ED8D32227426B00A7E1D5 /* Debug */ = {
			isa = XCBuildConfiguration;
			baseConfigurationReference = 4ACE8A7A5F9C58FE08AB60F6 /* Pods-ParseChatTests.debug.xcconfig */;
			buildSettings = {
				ALWAYS_EMBED_SWIFT_STANDARD_LIBRARIES = YES;
				BUNDLE_LOADER = "$(TEST_HOST)";
				CODE_SIGN_STYLE = Automatic;
				DEVELOPMENT_TEAM = JHFD68N6DC;
				INFOPLIST_FILE = ParseChatTests/Info.plist;
				LD_RUNPATH_SEARCH_PATHS = (
					"$(inherited)",
					"@executable_path/Frameworks",
					"@loader_path/Frameworks",
				);
				PRODUCT_BUNDLE_IDENTIFIER = com.sliao.ParseChatTests;
				PRODUCT_NAME = "$(TARGET_NAME)";
				SWIFT_VERSION = 4.2;
				TARGETED_DEVICE_FAMILY = "1,2";
				TEST_HOST = "$(BUILT_PRODUCTS_DIR)/ParseChat.app/ParseChat";
			};
			name = Debug;
		};
		B32ED8D42227426B00A7E1D5 /* Release */ = {
			isa = XCBuildConfiguration;
			baseConfigurationReference = D12307E84F29F11AC62B1CD7 /* Pods-ParseChatTests.release.xcconfig */;
			buildSettings = {
				ALWAYS_EMBED_SWIFT_STANDARD_LIBRARIES = YES;
				BUNDLE_LOADER = "$(TEST_HOST)";
				CODE_SIGN_STYLE = Automatic;
				DEVELOPMENT_TEAM = JHFD68N6DC;
				INFOPLIST_FILE = ParseChatTests/Info.plist;
				LD_RUNPATH_SEARCH_PATHS = (
					"$(inherited)",
					"@executable_path/Frameworks",
					"@loader_path/Frameworks",
				);
				PRODUCT_BUNDLE_IDENTIFIER = com.sliao.ParseChatTests;
				PRODUCT_NAME = "$(TARGET_NAME)";
				SWIFT_VERSION = 4.2;
				TARGETED_DEVICE_FAMILY = "1,2";
				TEST_HOST = "$(BUILT_PRODUCTS_DIR)/ParseChat.app/ParseChat";
			};
			name = Release;
		};
		B32ED8D62227426B00A7E1D5 /* Debug */ = {
			isa = XCBuildConfiguration;
			baseConfigurationReference = 9300247AD00D8BDC98751E50 /* Pods-ParseChatUITests.debug.xcconfig */;
			buildSettings = {
				ALWAYS_EMBED_SWIFT_STANDARD_LIBRARIES = YES;
				CODE_SIGN_STYLE = Automatic;
				DEVELOPMENT_TEAM = JHFD68N6DC;
				INFOPLIST_FILE = ParseChatUITests/Info.plist;
				LD_RUNPATH_SEARCH_PATHS = (
					"$(inherited)",
					"@executable_path/Frameworks",
					"@loader_path/Frameworks",
				);
				PRODUCT_BUNDLE_IDENTIFIER = com.sliao.ParseChatUITests;
				PRODUCT_NAME = "$(TARGET_NAME)";
				SWIFT_VERSION = 4.2;
				TARGETED_DEVICE_FAMILY = "1,2";
				TEST_TARGET_NAME = ParseChat;
			};
			name = Debug;
		};
		B32ED8D72227426B00A7E1D5 /* Release */ = {
			isa = XCBuildConfiguration;
			baseConfigurationReference = 3D0D0434713E4F0F657784D1 /* Pods-ParseChatUITests.release.xcconfig */;
			buildSettings = {
				ALWAYS_EMBED_SWIFT_STANDARD_LIBRARIES = YES;
				CODE_SIGN_STYLE = Automatic;
				DEVELOPMENT_TEAM = JHFD68N6DC;
				INFOPLIST_FILE = ParseChatUITests/Info.plist;
				LD_RUNPATH_SEARCH_PATHS = (
					"$(inherited)",
					"@executable_path/Frameworks",
					"@loader_path/Frameworks",
				);
				PRODUCT_BUNDLE_IDENTIFIER = com.sliao.ParseChatUITests;
				PRODUCT_NAME = "$(TARGET_NAME)";
				SWIFT_VERSION = 4.2;
				TARGETED_DEVICE_FAMILY = "1,2";
				TEST_TARGET_NAME = ParseChat;
			};
			name = Release;
		};
/* End XCBuildConfiguration section */

/* Begin XCConfigurationList section */
		B32ED8A22227426A00A7E1D5 /* Build configuration list for PBXProject "ParseChat" */ = {
			isa = XCConfigurationList;
			buildConfigurations = (
				B32ED8CD2227426B00A7E1D5 /* Debug */,
				B32ED8CE2227426B00A7E1D5 /* Release */,
			);
			defaultConfigurationIsVisible = 0;
			defaultConfigurationName = Release;
		};
		B32ED8CF2227426B00A7E1D5 /* Build configuration list for PBXNativeTarget "ParseChat" */ = {
			isa = XCConfigurationList;
			buildConfigurations = (
				B32ED8D02227426B00A7E1D5 /* Debug */,
				B32ED8D12227426B00A7E1D5 /* Release */,
			);
			defaultConfigurationIsVisible = 0;
			defaultConfigurationName = Release;
		};
		B32ED8D22227426B00A7E1D5 /* Build configuration list for PBXNativeTarget "ParseChatTests" */ = {
			isa = XCConfigurationList;
			buildConfigurations = (
				B32ED8D32227426B00A7E1D5 /* Debug */,
				B32ED8D42227426B00A7E1D5 /* Release */,
			);
			defaultConfigurationIsVisible = 0;
			defaultConfigurationName = Release;
		};
		B32ED8D52227426B00A7E1D5 /* Build configuration list for PBXNativeTarget "ParseChatUITests" */ = {
			isa = XCConfigurationList;
			buildConfigurations = (
				B32ED8D62227426B00A7E1D5 /* Debug */,
				B32ED8D72227426B00A7E1D5 /* Release */,
			);
			defaultConfigurationIsVisible = 0;
			defaultConfigurationName = Release;
		};
/* End XCConfigurationList section */
	};
	rootObject = B32ED89F2227426A00A7E1D5 /* Project object */;
}
